
Microsoft Visual Studio Solution File, Format Version 12.00
# Visual Studio Version 16
VisualStudioVersion = 16.0.31313.79
MinimumVisualStudioVersion = 10.0.40219.1
Project("{FAE04EC0-301F-11D3-BF4B-00C04F79EFBC}") = "HomeDecor", "HomeDecor\HomeDecor.csproj", "{5877B831-923A-4733-B6A8-2BF59E8A3ACA}"
EndProject
Global
	GlobalSection(SolutionConfigurationPlatforms) = preSolution
		Debug|Any CPU = Debug|Any CPU
		Release|Any CPU = Release|Any CPU
	EndGlobalSection
	GlobalSection(ProjectConfigurationPlatforms) = postSolution
		{5877B831-923A-4733-B6A8-2BF59E8A3ACA}.Debug|Any CPU.ActiveCfg = Debug|Any CPU
		{5877B831-923A-4733-B6A8-2BF59E8A3ACA}.Debug|Any CPU.Build.0 = Debug|Any CPU
		{5877B831-923A-4733-B6A8-2BF59E8A3ACA}.Release|Any CPU.ActiveCfg = Release|Any CPU
		{5877B831-923A-4733-B6A8-2BF59E8A3ACA}.Release|Any CPU.Build.0 = Release|Any CPU
	EndGlobalSection
	GlobalSection(SolutionProperties) = preSolution
		HideSolutionNode = FALSE
	EndGlobalSection
	GlobalSection(ExtensibilityGlobals) = postSolution
		SolutionGuid = {EFCFFEAB-7D48-42C9-BE31-C0CF4AFA2C86}
	EndGlobalSection
EndGlobal
